
Microsoft Visual Studio Solution File, Format Version 12.00
# Visual Studio Version 16
VisualStudioVersion = 16.0.32413.511
MinimumVisualStudioVersion = 10.0.40219.1
Project("{FAE04EC0-301F-11D3-BF4B-00C04F79EFBC}") = "HelloWorld4", "HelloWorld4\HelloWorld4.csproj", "{8FFAC2CF-84F5-43D0-B628-6E63F7B02CF5}"
EndProject
Global
	GlobalSection(SolutionConfigurationPlatforms) = preSolution
		Debug|Any CPU = Debug|Any CPU
		Release|Any CPU = Release|Any CPU
	EndGlobalSection
	GlobalSection(ProjectConfigurationPlatforms) = postSolution
		{8FFAC2CF-84F5-43D0-B628-6E63F7B02CF5}.Debug|Any CPU.ActiveCfg = Debug|Any CPU
		{8FFAC2CF-84F5-43D0-B628-6E63F7B02CF5}.Debug|Any CPU.Build.0 = Debug|Any CPU
		{8FFAC2CF-84F5-43D0-B628-6E63F7B02CF5}.Release|Any CPU.ActiveCfg = Release|Any CPU
		{8FFAC2CF-84F5-43D0-B628-6E63F7B02CF5}.Release|Any CPU.Build.0 = Release|Any CPU
	EndGlobalSection
	GlobalSection(SolutionProperties) = preSolution
		HideSolutionNode = FALSE
	EndGlobalSection
	GlobalSection(ExtensibilityGlobals) = postSolution
		SolutionGuid = {36CD4D98-C642-4FC3-94A9-D4CAA657C1E0}
	EndGlobalSection
EndGlobal
